// !$*UTF8*$!
{
	archiveVersion = 1;
	classes = {
	};
	objectVersion = 46;
	objects = {

/* Begin PBXBuildFile section */
		B103108319B7AB45007ACCEB /* BLImporter.swift in Sources */ = {isa = PBXBuildFile; fileRef = B103108219B7AB45007ACCEB /* BLImporter.swift */; };
		B103108519B7B056007ACCEB /* BLFileTypes.swift in Sources */ = {isa = PBXBuildFile; fileRef = B103108419B7B056007ACCEB /* BLFileTypes.swift */; };
		B10D409219C30137000D742B /* ObjC-Helpers.m in Sources */ = {isa = PBXBuildFile; fileRef = B10D409119C30137000D742B /* ObjC-Helpers.m */; };
		B1107ACE19A924CE000D4DEF /* main.swift in Sources */ = {isa = PBXBuildFile; fileRef = B1107ACD19A924CE000D4DEF /* main.swift */; };
		B1107AD019A924CE000D4DEF /* AppDelegate.swift in Sources */ = {isa = PBXBuildFile; fileRef = B1107ACF19A924CE000D4DEF /* AppDelegate.swift */; };
		B1107AD219A924CE000D4DEF /* Images.xcassets in Resources */ = {isa = PBXBuildFile; fileRef = B1107AD119A924CE000D4DEF /* Images.xcassets */; };
		B1107AD519A924CE000D4DEF /* MainMenu.xib in Resources */ = {isa = PBXBuildFile; fileRef = B1107AD319A924CE000D4DEF /* MainMenu.xib */; };
		B1107AE119A924CE000D4DEF /* BarrelAppTests.swift in Sources */ = {isa = PBXBuildFile; fileRef = B1107AE019A924CE000D4DEF /* BarrelAppTests.swift */; };
		B1107AED19A92F91000D4DEF /* BLBackgroundView.swift in Sources */ = {isa = PBXBuildFile; fileRef = B1107AEC19A92F91000D4DEF /* BLBackgroundView.swift */; };
		B11242511A825F4100E6BC5A /* NSWorkspace+BLFileTypes.swift in Sources */ = {isa = PBXBuildFile; fileRef = B11242501A825F4100E6BC5A /* NSWorkspace+BLFileTypes.swift */; };
		B11242531A8261E100E6BC5A /* NSWorkspace+BLExecutableTypes.swift in Sources */ = {isa = PBXBuildFile; fileRef = B11242521A8261E100E6BC5A /* NSWorkspace+BLExecutableTypes.swift */; };
		B11242561A82641900E6BC5A /* BLFileHandle.swift in Sources */ = {isa = PBXBuildFile; fileRef = B11242551A82641900E6BC5A /* BLFileHandle.swift */; };
		B1326FDF19AF8D2B002B0BD0 /* DropzoneTemplate.pdf in Resources */ = {isa = PBXBuildFile; fileRef = B1326FDE19AF8D2B002B0BD0 /* DropzoneTemplate.pdf */; };
		B1439BD219D3719000C4803E /* BLOperationDelegate.swift in Sources */ = {isa = PBXBuildFile; fileRef = B1439BD119D3719000C4803E /* BLOperationDelegate.swift */; };
		B14EDB5119AE17D30054C10A /* BLGameImport.xib in Resources */ = {isa = PBXBuildFile; fileRef = B14EDB5019AE17D30054C10A /* BLGameImport.xib */; };
		B167792119AE4BF900B58B00 /* BLMultiPanelWindowController.swift in Sources */ = {isa = PBXBuildFile; fileRef = B167792019AE4BF900B58B00 /* BLMultiPanelWindowController.swift */; };
		B167792419AE553800B58B00 /* BLImportWindowController.swift in Sources */ = {isa = PBXBuildFile; fileRef = B167792319AE553800B58B00 /* BLImportWindowController.swift */; };
		B1794F9219AFF13C00045AA7 /* NSImage+NSImageExtensions.swift in Sources */ = {isa = PBXBuildFile; fileRef = B1794F9119AFF13C00045AA7 /* NSImage+NSImageExtensions.swift */; };
		B17D822119AC9C4C00638DF9 /* BLGamesFolderPanelController.swift in Sources */ = {isa = PBXBuildFile; fileRef = B17D822019AC9C4C00638DF9 /* BLGamesFolderPanelController.swift */; };
		B17D822319ACA1D200638DF9 /* GamesFolderPanelOptions.xib in Resources */ = {isa = PBXBuildFile; fileRef = B17D822219ACA1D200638DF9 /* GamesFolderPanelOptions.xib */; };
		B17D822519ACBCEB00638DF9 /* NSURL+NSURLExtensions.swift in Sources */ = {isa = PBXBuildFile; fileRef = B17D822419ACBCEB00638DF9 /* NSURL+NSURLExtensions.swift */; };
		B17D822819ACD26B00638DF9 /* BLValueTransformers.swift in Sources */ = {isa = PBXBuildFile; fileRef = B17D822719ACD26B00638DF9 /* BLValueTransformers.swift */; };
		B17D822A19ACE81F00638DF9 /* String+StringAdditions.swift in Sources */ = {isa = PBXBuildFile; fileRef = B17D822919ACE81F00638DF9 /* String+StringAdditions.swift */; };
		B19ACDDC19B7C21D00FBB50F /* NSWorkspace+MountedVolumes.swift in Sources */ = {isa = PBXBuildFile; fileRef = B19ACDDB19B7C21D00FBB50F /* NSWorkspace+MountedVolumes.swift */; };
		B19F87E61A8224BF00432FC8 /* BLImportSession.swift in Sources */ = {isa = PBXBuildFile; fileRef = B19F87E51A8224BF00432FC8 /* BLImportSession.swift */; };
		B19F87E81A8234E500432FC8 /* RegexSwift.swift in Sources */ = {isa = PBXBuildFile; fileRef = B19F87E71A8234E500432FC8 /* RegexSwift.swift */; };
		B1A5CD2A19D1747200D8946B /* BLOperation.swift in Sources */ = {isa = PBXBuildFile; fileRef = B1A5CD2919D1747200D8946B /* BLOperation.swift */; };
		B1E903D319AD07E2002DECC6 /* gamefolder.icns in Resources */ = {isa = PBXBuildFile; fileRef = B1E903D219AD07E2002DECC6 /* gamefolder.icns */; };
		B1E92C1519AF31FC00BA47A8 /* BLBlueprintPanel.swift in Sources */ = {isa = PBXBuildFile; fileRef = B1E92C1419AF31FC00BA47A8 /* BLBlueprintPanel.swift */; };
		B1E92C1819AF32E600BA47A8 /* BLSpinningProgressIndicator.swift in Sources */ = {isa = PBXBuildFile; fileRef = B1E92C1719AF32E600BA47A8 /* BLSpinningProgressIndicator.swift */; };
		B1E92C1A19AF467E00BA47A8 /* NSView+DrawingHelpers.swift in Sources */ = {isa = PBXBuildFile; fileRef = B1E92C1919AF467E00BA47A8 /* NSView+DrawingHelpers.swift */; };
		B1E92C1C19AF494F00BA47A8 /* NSPoint+Geometry.swift in Sources */ = {isa = PBXBuildFile; fileRef = B1E92C1B19AF494F00BA47A8 /* NSPoint+Geometry.swift */; };
		B1E92C1F19AF694900BA47A8 /* BLDelegatedView.swift in Sources */ = {isa = PBXBuildFile; fileRef = B1E92C1E19AF694900BA47A8 /* BLDelegatedView.swift */; };
		B1E92C2119AF7C2000BA47A8 /* BLImportDropzonePanelController.swift in Sources */ = {isa = PBXBuildFile; fileRef = B1E92C2019AF7C2000BA47A8 /* BLImportDropzonePanelController.swift */; };
		B1E92C2319AF7C8D00BA47A8 /* BLImportDropzone.swift in Sources */ = {isa = PBXBuildFile; fileRef = B1E92C2219AF7C8D00BA47A8 /* BLImportDropzone.swift */; };
		B1E92C2519AF8B5F00BA47A8 /* NSRect+Geometry.swift in Sources */ = {isa = PBXBuildFile; fileRef = B1E92C2419AF8B5F00BA47A8 /* NSRect+Geometry.swift */; };
		B1EE4A1019D054F9001BB945 /* BLInstallerScan.swift in Sources */ = {isa = PBXBuildFile; fileRef = B1EE4A0F19D054F9001BB945 /* BLInstallerScan.swift */; };
		B1F597F719AA031B00AAF92B /* BLPreferencesWindowController.swift in Sources */ = {isa = PBXBuildFile; fileRef = B1F597F619AA031B00AAF92B /* BLPreferencesWindowController.swift */; };
		B1F597F919AA0BDA00AAF92B /* BLPreferences.xib in Resources */ = {isa = PBXBuildFile; fileRef = B1F597F819AA0BDA00AAF92B /* BLPreferences.xib */; };
		B1F597FD19AB4DFE00AAF92B /* BLTabbedWindowController.swift in Sources */ = {isa = PBXBuildFile; fileRef = B1F597FC19AB4DFE00AAF92B /* BLTabbedWindowController.swift */; };
		B1F5980019ABCFFC00AAF92B /* NSArray+NSArrayExtensions.swift in Sources */ = {isa = PBXBuildFile; fileRef = B1F597FF19ABCFFC00AAF92B /* NSArray+NSArrayExtensions.swift */; };
		B1F9AA6F19A938BB00259E27 /* BLWelcomeButtonCell.swift in Sources */ = {isa = PBXBuildFile; fileRef = B1F9AA6E19A938BB00259E27 /* BLWelcomeButtonCell.swift */; };
		B1F9AA7219A93AAE00259E27 /* BLWelcomeViewController.swift in Sources */ = {isa = PBXBuildFile; fileRef = B1F9AA7119A93AAE00259E27 /* BLWelcomeViewController.swift */; };
		C19104E41A8907210092DFF4 /* NSShadow+BLShadowExtensions.swift in Sources */ = {isa = PBXBuildFile; fileRef = C19104E31A8907210092DFF4 /* NSShadow+BLShadowExtensions.swift */; };
/* End PBXBuildFile section */

/* Begin PBXContainerItemProxy section */
		B1107ADB19A924CE000D4DEF /* PBXContainerItemProxy */ = {
			isa = PBXContainerItemProxy;
			containerPortal = B1107AC019A924CE000D4DEF /* Project object */;
			proxyType = 1;
			remoteGlobalIDString = B1107AC719A924CE000D4DEF;
			remoteInfo = BarrelApp;
		};
/* End PBXContainerItemProxy section */

/* Begin PBXFileReference section */
		B103108219B7AB45007ACCEB /* BLImporter.swift */ = {isa = PBXFileReference; fileEncoding = 4; lastKnownFileType = sourcecode.swift; name = BLImporter.swift; path = Classes/Controllers/BLImporter.swift; sourceTree = "<group>"; };
		B103108419B7B056007ACCEB /* BLFileTypes.swift */ = {isa = PBXFileReference; fileEncoding = 4; lastKnownFileType = sourcecode.swift; name = BLFileTypes.swift; path = Classes/BLFileTypes.swift; sourceTree = "<group>"; };
		B10D408F19C30136000D742B /* BarrelApp-Bridging-Header.h */ = {isa = PBXFileReference; lastKnownFileType = sourcecode.c.h; path = "BarrelApp-Bridging-Header.h"; sourceTree = "<group>"; };
		B10D409019C30137000D742B /* ObjC-Helpers.h */ = {isa = PBXFileReference; fileEncoding = 4; lastKnownFileType = sourcecode.c.h; name = "ObjC-Helpers.h"; path = "Classes/Extensions/ObjC-Helpers.h"; sourceTree = "<group>"; };
		B10D409119C30137000D742B /* ObjC-Helpers.m */ = {isa = PBXFileReference; fileEncoding = 4; lastKnownFileType = sourcecode.c.objc; name = "ObjC-Helpers.m"; path = "Classes/Extensions/ObjC-Helpers.m"; sourceTree = "<group>"; };
		B1107AC819A924CE000D4DEF /* BarrelApp.app */ = {isa = PBXFileReference; explicitFileType = wrapper.application; includeInIndex = 0; path = BarrelApp.app; sourceTree = BUILT_PRODUCTS_DIR; };
		B1107ACC19A924CE000D4DEF /* Info.plist */ = {isa = PBXFileReference; lastKnownFileType = text.plist.xml; path = Info.plist; sourceTree = "<group>"; };
		B1107ACD19A924CE000D4DEF /* main.swift */ = {isa = PBXFileReference; lastKnownFileType = sourcecode.swift; path = main.swift; sourceTree = "<group>"; };
		B1107ACF19A924CE000D4DEF /* AppDelegate.swift */ = {isa = PBXFileReference; lastKnownFileType = sourcecode.swift; path = AppDelegate.swift; sourceTree = "<group>"; };
		B1107AD119A924CE000D4DEF /* Images.xcassets */ = {isa = PBXFileReference; lastKnownFileType = folder.assetcatalog; path = Images.xcassets; sourceTree = "<group>"; };
		B1107AD419A924CE000D4DEF /* Base */ = {isa = PBXFileReference; lastKnownFileType = file.xib; name = Base; path = Base.lproj/MainMenu.xib; sourceTree = "<group>"; };
		B1107ADA19A924CE000D4DEF /* BarrelAppTests.xctest */ = {isa = PBXFileReference; explicitFileType = wrapper.cfbundle; includeInIndex = 0; path = BarrelAppTests.xctest; sourceTree = BUILT_PRODUCTS_DIR; };
		B1107ADF19A924CE000D4DEF /* Info.plist */ = {isa = PBXFileReference; lastKnownFileType = text.plist.xml; path = Info.plist; sourceTree = "<group>"; };
		B1107AE019A924CE000D4DEF /* BarrelAppTests.swift */ = {isa = PBXFileReference; lastKnownFileType = sourcecode.swift; path = BarrelAppTests.swift; sourceTree = "<group>"; };
		B1107AEC19A92F91000D4DEF /* BLBackgroundView.swift */ = {isa = PBXFileReference; fileEncoding = 4; lastKnownFileType = sourcecode.swift; name = BLBackgroundView.swift; path = Classes/SubClasses/BLBackgroundView.swift; sourceTree = "<group>"; };
		B11242501A825F4100E6BC5A /* NSWorkspace+BLFileTypes.swift */ = {isa = PBXFileReference; fileEncoding = 4; lastKnownFileType = sourcecode.swift; name = "NSWorkspace+BLFileTypes.swift"; path = "Classes/Extensions/NSWorkspace+BLFileTypes.swift"; sourceTree = "<group>"; };
		B11242521A8261E100E6BC5A /* NSWorkspace+BLExecutableTypes.swift */ = {isa = PBXFileReference; fileEncoding = 4; lastKnownFileType = sourcecode.swift; name = "NSWorkspace+BLExecutableTypes.swift"; path = "Classes/Extensions/NSWorkspace+BLExecutableTypes.swift"; sourceTree = "<group>"; };
		B11242551A82641900E6BC5A /* BLFileHandle.swift */ = {isa = PBXFileReference; fileEncoding = 4; lastKnownFileType = sourcecode.swift; name = BLFileHandle.swift; path = Classes/SubClasses/Filesystem/BLFileHandle.swift; sourceTree = "<group>"; };
		B1326FDE19AF8D2B002B0BD0 /* DropzoneTemplate.pdf */ = {isa = PBXFileReference; lastKnownFileType = image.pdf; path = DropzoneTemplate.pdf; sourceTree = "<group>"; };
		B1439BD119D3719000C4803E /* BLOperationDelegate.swift */ = {isa = PBXFileReference; fileEncoding = 4; lastKnownFileType = sourcecode.swift; name = BLOperationDelegate.swift; path = Classes/SubClasses/Protocols/BLOperationDelegate.swift; sourceTree = "<group>"; };
		B14EDB5019AE17D30054C10A /* BLGameImport.xib */ = {isa = PBXFileReference; fileEncoding = 4; lastKnownFileType = file.xib; name = BLGameImport.xib; path = UserInterface/BLGameImport.xib; sourceTree = "<group>"; };
		B167792019AE4BF900B58B00 /* BLMultiPanelWindowController.swift */ = {isa = PBXFileReference; fileEncoding = 4; lastKnownFileType = sourcecode.swift; name = BLMultiPanelWindowController.swift; path = Classes/SubClasses/MultiPanelWindow/BLMultiPanelWindowController.swift; sourceTree = "<group>"; };
		B167792319AE553800B58B00 /* BLImportWindowController.swift */ = {isa = PBXFileReference; fileEncoding = 4; lastKnownFileType = sourcecode.swift; name = BLImportWindowController.swift; path = Classes/Controllers/BLImportWindowController.swift; sourceTree = "<group>"; };
		B1794F9119AFF13C00045AA7 /* NSImage+NSImageExtensions.swift */ = {isa = PBXFileReference; fileEncoding = 4; lastKnownFileType = sourcecode.swift; name = "NSImage+NSImageExtensions.swift"; path = "Classes/Extensions/NSImage+NSImageExtensions.swift"; sourceTree = "<group>"; };
		B17D822019AC9C4C00638DF9 /* BLGamesFolderPanelController.swift */ = {isa = PBXFileReference; fileEncoding = 4; lastKnownFileType = sourcecode.swift; name = BLGamesFolderPanelController.swift; path = Classes/SubClasses/BLPreferences/BLGamesFolderPanelController.swift; sourceTree = "<group>"; };
		B17D822219ACA1D200638DF9 /* GamesFolderPanelOptions.xib */ = {isa = PBXFileReference; fileEncoding = 4; lastKnownFileType = file.xib; name = GamesFolderPanelOptions.xib; path = UserInterface/GamesFolderPanelOptions.xib; sourceTree = "<group>"; };
		B17D822419ACBCEB00638DF9 /* NSURL+NSURLExtensions.swift */ = {isa = PBXFileReference; fileEncoding = 4; lastKnownFileType = sourcecode.swift; name = "NSURL+NSURLExtensions.swift"; path = "Classes/Extensions/NSURL+NSURLExtensions.swift"; sourceTree = "<group>"; };
		B17D822719ACD26B00638DF9 /* BLValueTransformers.swift */ = {isa = PBXFileReference; fileEncoding = 4; lastKnownFileType = sourcecode.swift; name = BLValueTransformers.swift; path = Classes/Extensions/ValueTransformers/BLValueTransformers.swift; sourceTree = "<group>"; };
		B17D822919ACE81F00638DF9 /* String+StringAdditions.swift */ = {isa = PBXFileReference; fileEncoding = 4; lastKnownFileType = sourcecode.swift; name = "String+StringAdditions.swift"; path = "Classes/Extensions/String+StringAdditions.swift"; sourceTree = "<group>"; };
		B19ACDDB19B7C21D00FBB50F /* NSWorkspace+MountedVolumes.swift */ = {isa = PBXFileReference; fileEncoding = 4; lastKnownFileType = sourcecode.swift; name = "NSWorkspace+MountedVolumes.swift"; path = "Classes/Extensions/NSWorkspace+MountedVolumes.swift"; sourceTree = "<group>"; };
		B19F87E51A8224BF00432FC8 /* BLImportSession.swift */ = {isa = PBXFileReference; fileEncoding = 4; lastKnownFileType = sourcecode.swift; name = BLImportSession.swift; path = Classes/SubClasses/BLImportSession.swift; sourceTree = "<group>"; };
		B19F87E71A8234E500432FC8 /* RegexSwift.swift */ = {isa = PBXFileReference; fileEncoding = 4; lastKnownFileType = sourcecode.swift; name = RegexSwift.swift; path = Classes/RegexSwift.swift; sourceTree = "<group>"; };
		B1A5CD2919D1747200D8946B /* BLOperation.swift */ = {isa = PBXFileReference; fileEncoding = 4; lastKnownFileType = sourcecode.swift; name = BLOperation.swift; path = Classes/SubClasses/BLOperation.swift; sourceTree = "<group>"; };
		B1E903D219AD07E2002DECC6 /* gamefolder.icns */ = {isa = PBXFileReference; lastKnownFileType = image.icns; path = gamefolder.icns; sourceTree = "<group>"; };
		B1E92C1419AF31FC00BA47A8 /* BLBlueprintPanel.swift */ = {isa = PBXFileReference; fileEncoding = 4; lastKnownFileType = sourcecode.swift; name = BLBlueprintPanel.swift; path = Classes/SubClasses/BLBlueprintPanel.swift; sourceTree = "<group>"; };
		B1E92C1719AF32E600BA47A8 /* BLSpinningProgressIndicator.swift */ = {isa = PBXFileReference; fileEncoding = 4; lastKnownFileType = sourcecode.swift; name = BLSpinningProgressIndicator.swift; path = Classes/SubClasses/BLSpinningProgressIndicator/BLSpinningProgressIndicator.swift; sourceTree = "<group>"; };
		B1E92C1919AF467E00BA47A8 /* NSView+DrawingHelpers.swift */ = {isa = PBXFileReference; fileEncoding = 4; lastKnownFileType = sourcecode.swift; name = "NSView+DrawingHelpers.swift"; path = "Classes/Extensions/NSView+DrawingHelpers.swift"; sourceTree = "<group>"; };
		B1E92C1B19AF494F00BA47A8 /* NSPoint+Geometry.swift */ = {isa = PBXFileReference; fileEncoding = 4; lastKnownFileType = sourcecode.swift; name = "NSPoint+Geometry.swift"; path = "Classes/Extensions/NSPoint+Geometry.swift"; sourceTree = "<group>"; };
		B1E92C1E19AF694900BA47A8 /* BLDelegatedView.swift */ = {isa = PBXFileReference; fileEncoding = 4; lastKnownFileType = sourcecode.swift; name = BLDelegatedView.swift; path = Classes/SubClasses/DelegatedView/BLDelegatedView.swift; sourceTree = "<group>"; };
		B1E92C2019AF7C2000BA47A8 /* BLImportDropzonePanelController.swift */ = {isa = PBXFileReference; fileEncoding = 4; lastKnownFileType = sourcecode.swift; name = BLImportDropzonePanelController.swift; path = Classes/Controllers/BLImportDropzonePanelController.swift; sourceTree = "<group>"; };
		B1E92C2219AF7C8D00BA47A8 /* BLImportDropzone.swift */ = {isa = PBXFileReference; fileEncoding = 4; lastKnownFileType = sourcecode.swift; name = BLImportDropzone.swift; path = Classes/SubClasses/BLImportDropzone.swift; sourceTree = "<group>"; };
		B1E92C2419AF8B5F00BA47A8 /* NSRect+Geometry.swift */ = {isa = PBXFileReference; fileEncoding = 4; lastKnownFileType = sourcecode.swift; name = "NSRect+Geometry.swift"; path = "Classes/Extensions/NSRect+Geometry.swift"; sourceTree = "<group>"; };
		B1EE4A0F19D054F9001BB945 /* BLInstallerScan.swift */ = {isa = PBXFileReference; fileEncoding = 4; lastKnownFileType = sourcecode.swift; name = BLInstallerScan.swift; path = Classes/BLInstallerScan.swift; sourceTree = "<group>"; };
		B1F597F619AA031B00AAF92B /* BLPreferencesWindowController.swift */ = {isa = PBXFileReference; fileEncoding = 4; lastKnownFileType = sourcecode.swift; name = BLPreferencesWindowController.swift; path = Classes/SubClasses/BLPreferences/BLPreferencesWindowController.swift; sourceTree = "<group>"; };
		B1F597F819AA0BDA00AAF92B /* BLPreferences.xib */ = {isa = PBXFileReference; fileEncoding = 4; lastKnownFileType = file.xib; name = BLPreferences.xib; path = UserInterface/BLPreferences.xib; sourceTree = "<group>"; };
		B1F597FC19AB4DFE00AAF92B /* BLTabbedWindowController.swift */ = {isa = PBXFileReference; fileEncoding = 4; lastKnownFileType = sourcecode.swift; name = BLTabbedWindowController.swift; path = Classes/SubClasses/TabbedWindow/BLTabbedWindowController.swift; sourceTree = "<group>"; };
		B1F597FF19ABCFFC00AAF92B /* NSArray+NSArrayExtensions.swift */ = {isa = PBXFileReference; fileEncoding = 4; lastKnownFileType = sourcecode.swift; name = "NSArray+NSArrayExtensions.swift"; path = "Classes/Extensions/NSArray+NSArrayExtensions.swift"; sourceTree = "<group>"; };
		B1F9AA6E19A938BB00259E27 /* BLWelcomeButtonCell.swift */ = {isa = PBXFileReference; fileEncoding = 4; lastKnownFileType = sourcecode.swift; name = BLWelcomeButtonCell.swift; path = Classes/SubClasses/BLWelcomeButtonCell.swift; sourceTree = "<group>"; };
		B1F9AA7119A93AAE00259E27 /* BLWelcomeViewController.swift */ = {isa = PBXFileReference; fileEncoding = 4; lastKnownFileType = sourcecode.swift; name = BLWelcomeViewController.swift; path = Classes/Controllers/BLWelcomeViewController.swift; sourceTree = "<group>"; };
		C19104E31A8907210092DFF4 /* NSShadow+BLShadowExtensions.swift */ = {isa = PBXFileReference; fileEncoding = 4; lastKnownFileType = sourcecode.swift; name = "NSShadow+BLShadowExtensions.swift"; path = "Classes/Extensions/NSShadow+BLShadowExtensions.swift"; sourceTree = "<group>"; };
/* End PBXFileReference section */

/* Begin PBXFrameworksBuildPhase section */
		B1107AC519A924CE000D4DEF /* Frameworks */ = {
			isa = PBXFrameworksBuildPhase;
			buildActionMask = 2147483647;
			files = (
			);
			runOnlyForDeploymentPostprocessing = 0;
		};
		B1107AD719A924CE000D4DEF /* Frameworks */ = {
			isa = PBXFrameworksBuildPhase;
			buildActionMask = 2147483647;
			files = (
			);
			runOnlyForDeploymentPostprocessing = 0;
		};
/* End PBXFrameworksBuildPhase section */

/* Begin PBXGroup section */
		B1107ABF19A924CE000D4DEF = {
			isa = PBXGroup;
			children = (
				B1107ACA19A924CE000D4DEF /* BarrelApp */,
				B1107ADD19A924CE000D4DEF /* BarrelAppTests */,
				B1107AC919A924CE000D4DEF /* Products */,
			);
			sourceTree = "<group>";
		};
		B1107AC919A924CE000D4DEF /* Products */ = {
			isa = PBXGroup;
			children = (
				B1107AC819A924CE000D4DEF /* BarrelApp.app */,
				B1107ADA19A924CE000D4DEF /* BarrelAppTests.xctest */,
			);
			name = Products;
			sourceTree = "<group>";
		};
		B1107ACA19A924CE000D4DEF /* BarrelApp */ = {
			isa = PBXGroup;
			children = (
				B1F597F319A971E100AAF92B /* User Interface */,
				B1107AEA19A92F52000D4DEF /* Classes */,
				B1107ACB19A924CE000D4DEF /* Supporting Files */,
			);
			path = BarrelApp;
			sourceTree = "<group>";
		};
		B1107ACB19A924CE000D4DEF /* Supporting Files */ = {
			isa = PBXGroup;
			children = (
				B1107ACC19A924CE000D4DEF /* Info.plist */,
				B1107ACD19A924CE000D4DEF /* main.swift */,
			);
			name = "Supporting Files";
			sourceTree = "<group>";
		};
		B1107ADD19A924CE000D4DEF /* BarrelAppTests */ = {
			isa = PBXGroup;
			children = (
				B1107AE019A924CE000D4DEF /* BarrelAppTests.swift */,
				B1107ADE19A924CE000D4DEF /* Supporting Files */,
			);
			path = BarrelAppTests;
			sourceTree = "<group>";
		};
		B1107ADE19A924CE000D4DEF /* Supporting Files */ = {
			isa = PBXGroup;
			children = (
				B1107ADF19A924CE000D4DEF /* Info.plist */,
			);
			name = "Supporting Files";
			sourceTree = "<group>";
		};
		B1107AEA19A92F52000D4DEF /* Classes */ = {
			isa = PBXGroup;
			children = (
				B19F87E51A8224BF00432FC8 /* BLImportSession.swift */,
				B1107ACF19A924CE000D4DEF /* AppDelegate.swift */,
				B103108419B7B056007ACCEB /* BLFileTypes.swift */,
				B1EE4A0F19D054F9001BB945 /* BLInstallerScan.swift */,
				B19F87E71A8234E500432FC8 /* RegexSwift.swift */,
				B1F9AA7019A93A4F00259E27 /* Controllers */,
				B1107AEB19A92F5A000D4DEF /* SubClasses */,
			);
			name = Classes;
			sourceTree = "<group>";
		};
		B1107AEB19A92F5A000D4DEF /* SubClasses */ = {
			isa = PBXGroup;
			children = (
				B167791E19AE4B7E00B58B00 /* BLToolkit */,
				B1107AEC19A92F91000D4DEF /* BLBackgroundView.swift */,
				B1F9AA6E19A938BB00259E27 /* BLWelcomeButtonCell.swift */,
				B1E92C1419AF31FC00BA47A8 /* BLBlueprintPanel.swift */,
				B1E92C2219AF7C8D00BA47A8 /* BLImportDropzone.swift */,
			);
			name = SubClasses;
			sourceTree = "<group>";
		};
		B11242541A8263F900E6BC5A /* FileSystem */ = {
			isa = PBXGroup;
			children = (
				B11242551A82641900E6BC5A /* BLFileHandle.swift */,
			);
			name = FileSystem;
			sourceTree = "<group>";
		};
		B1439BD019D3716300C4803E /* Protocols */ = {
			isa = PBXGroup;
			children = (
				B1439BD119D3719000C4803E /* BLOperationDelegate.swift */,
			);
			name = Protocols;
			sourceTree = "<group>";
		};
		B167791E19AE4B7E00B58B00 /* BLToolkit */ = {
			isa = PBXGroup;
			children = (
				B11242541A8263F900E6BC5A /* FileSystem */,
				B1439BD019D3716300C4803E /* Protocols */,
				B1E92C1D19AF692E00BA47A8 /* DelegatedView */,
				B1F597FE19ABCFE800AAF92B /* Extensions */,
				B1E92C1619AF32A400BA47A8 /* SpinningIndicator */,
				B167791F19AE4BDB00B58B00 /* MultiPanelWindow */,
				B1F597FB19AB4DDA00AAF92B /* TabbedWindow */,
				B1A5CD2919D1747200D8946B /* BLOperation.swift */,
			);
			name = BLToolkit;
			sourceTree = "<group>";
		};
		B167791F19AE4BDB00B58B00 /* MultiPanelWindow */ = {
			isa = PBXGroup;
			children = (
				B167792019AE4BF900B58B00 /* BLMultiPanelWindowController.swift */,
			);
			name = MultiPanelWindow;
			sourceTree = "<group>";
		};
		B167792219AE54F300B58B00 /* Importer Window */ = {
			isa = PBXGroup;
			children = (
				B167792319AE553800B58B00 /* BLImportWindowController.swift */,
				B1E92C2019AF7C2000BA47A8 /* BLImportDropzonePanelController.swift */,
				B103108219B7AB45007ACCEB /* BLImporter.swift */,
			);
			name = "Importer Window";
			sourceTree = "<group>";
		};
		B17D821F19AC9C2F00638DF9 /* BLGamesFolderPanelController */ = {
			isa = PBXGroup;
			children = (
				B17D822019AC9C4C00638DF9 /* BLGamesFolderPanelController.swift */,
			);
			name = BLGamesFolderPanelController;
			sourceTree = "<group>";
		};
		B17D822619ACD25000638DF9 /* ValueTransformers */ = {
			isa = PBXGroup;
			children = (
				B17D822719ACD26B00638DF9 /* BLValueTransformers.swift */,
			);
			name = ValueTransformers;
			sourceTree = "<group>";
		};
		B1E903D019AD07D2002DECC6 /* Resources */ = {
			isa = PBXGroup;
			children = (
				B1E903D119AD07D9002DECC6 /* Icons */,
			);
			name = Resources;
			sourceTree = "<group>";
		};
		B1E903D119AD07D9002DECC6 /* Icons */ = {
			isa = PBXGroup;
			children = (
				B1326FDE19AF8D2B002B0BD0 /* DropzoneTemplate.pdf */,
				B1E903D219AD07E2002DECC6 /* gamefolder.icns */,
			);
			name = Icons;
			sourceTree = "<group>";
		};
		B1E92C1619AF32A400BA47A8 /* SpinningIndicator */ = {
			isa = PBXGroup;
			children = (
				B1E92C1719AF32E600BA47A8 /* BLSpinningProgressIndicator.swift */,
			);
			name = SpinningIndicator;
			sourceTree = "<group>";
		};
		B1E92C1D19AF692E00BA47A8 /* DelegatedView */ = {
			isa = PBXGroup;
			children = (
				B1E92C1E19AF694900BA47A8 /* BLDelegatedView.swift */,
			);
			name = DelegatedView;
			sourceTree = "<group>";
		};
		B1F597F319A971E100AAF92B /* User Interface */ = {
			isa = PBXGroup;
			children = (
				B1E903D019AD07D2002DECC6 /* Resources */,
				B1107AD119A924CE000D4DEF /* Images.xcassets */,
				B1107AD319A924CE000D4DEF /* MainMenu.xib */,
				B1F597F819AA0BDA00AAF92B /* BLPreferences.xib */,
				B17D822219ACA1D200638DF9 /* GamesFolderPanelOptions.xib */,
				B14EDB5019AE17D30054C10A /* BLGameImport.xib */,
			);
			name = "User Interface";
			sourceTree = "<group>";
		};
		B1F597F519AA02BB00AAF92B /* BLPreferences */ = {
			isa = PBXGroup;
			children = (
				B17D821F19AC9C2F00638DF9 /* BLGamesFolderPanelController */,
				B1F597F619AA031B00AAF92B /* BLPreferencesWindowController.swift */,
			);
			name = BLPreferences;
			sourceTree = "<group>";
		};
		B1F597FB19AB4DDA00AAF92B /* TabbedWindow */ = {
			isa = PBXGroup;
			children = (
				B1F597FC19AB4DFE00AAF92B /* BLTabbedWindowController.swift */,
			);
			name = TabbedWindow;
			sourceTree = "<group>";
		};
		B1F597FE19ABCFE800AAF92B /* Extensions */ = {
			isa = PBXGroup;
			children = (
				B17D822619ACD25000638DF9 /* ValueTransformers */,
				B1F597FF19ABCFFC00AAF92B /* NSArray+NSArrayExtensions.swift */,
				B17D822419ACBCEB00638DF9 /* NSURL+NSURLExtensions.swift */,
				B17D822919ACE81F00638DF9 /* String+StringAdditions.swift */,
				B1E92C1919AF467E00BA47A8 /* NSView+DrawingHelpers.swift */,
				B1E92C1B19AF494F00BA47A8 /* NSPoint+Geometry.swift */,
				B1E92C2419AF8B5F00BA47A8 /* NSRect+Geometry.swift */,
				B1794F9119AFF13C00045AA7 /* NSImage+NSImageExtensions.swift */,
				B19ACDDB19B7C21D00FBB50F /* NSWorkspace+MountedVolumes.swift */,
				B11242501A825F4100E6BC5A /* NSWorkspace+BLFileTypes.swift */,
				B10D409019C30137000D742B /* ObjC-Helpers.h */,
				B10D409119C30137000D742B /* ObjC-Helpers.m */,
				B10D408F19C30136000D742B /* BarrelApp-Bridging-Header.h */,
				B11242521A8261E100E6BC5A /* NSWorkspace+BLExecutableTypes.swift */,
				C19104E31A8907210092DFF4 /* NSShadow+BLShadowExtensions.swift */,
			);
			name = Extensions;
			sourceTree = "<group>";
		};
		B1F9AA7019A93A4F00259E27 /* Controllers */ = {
			isa = PBXGroup;
			children = (
				B167792219AE54F300B58B00 /* Importer Window */,
				B1F597F519AA02BB00AAF92B /* BLPreferences */,
				B1F9AA7119A93AAE00259E27 /* BLWelcomeViewController.swift */,
			);
			name = Controllers;
			sourceTree = "<group>";
		};
/* End PBXGroup section */

/* Begin PBXNativeTarget section */
		B1107AC719A924CE000D4DEF /* BarrelApp */ = {
			isa = PBXNativeTarget;
			buildConfigurationList = B1107AE419A924CE000D4DEF /* Build configuration list for PBXNativeTarget "BarrelApp" */;
			buildPhases = (
				B1107AC419A924CE000D4DEF /* Sources */,
				B1107AC519A924CE000D4DEF /* Frameworks */,
				B1107AC619A924CE000D4DEF /* Resources */,
			);
			buildRules = (
			);
			dependencies = (
			);
			name = BarrelApp;
			productName = BarrelApp;
			productReference = B1107AC819A924CE000D4DEF /* BarrelApp.app */;
			productType = "com.apple.product-type.application";
		};
		B1107AD919A924CE000D4DEF /* BarrelAppTests */ = {
			isa = PBXNativeTarget;
			buildConfigurationList = B1107AE719A924CE000D4DEF /* Build configuration list for PBXNativeTarget "BarrelAppTests" */;
			buildPhases = (
				B1107AD619A924CE000D4DEF /* Sources */,
				B1107AD719A924CE000D4DEF /* Frameworks */,
				B1107AD819A924CE000D4DEF /* Resources */,
			);
			buildRules = (
			);
			dependencies = (
				B1107ADC19A924CE000D4DEF /* PBXTargetDependency */,
			);
			name = BarrelAppTests;
			productName = BarrelAppTests;
			productReference = B1107ADA19A924CE000D4DEF /* BarrelAppTests.xctest */;
			productType = "com.apple.product-type.bundle.unit-test";
		};
/* End PBXNativeTarget section */

/* Begin PBXProject section */
		B1107AC019A924CE000D4DEF /* Project object */ = {
			isa = PBXProject;
			attributes = {
				LastUpgradeCheck = 0600;
				ORGANIZATIONNAME = "AppCake Limited";
				TargetAttributes = {
					B1107AC719A924CE000D4DEF = {
						CreatedOnToolsVersion = 6.0;
						DevelopmentTeam = J7255X77UZ;
					};
					B1107AD919A924CE000D4DEF = {
						CreatedOnToolsVersion = 6.0;
						TestTargetID = B1107AC719A924CE000D4DEF;
					};
				};
			};
			buildConfigurationList = B1107AC319A924CE000D4DEF /* Build configuration list for PBXProject "BarrelApp" */;
			compatibilityVersion = "Xcode 3.2";
			developmentRegion = English;
			hasScannedForEncodings = 0;
			knownRegions = (
				en,
				Base,
			);
			mainGroup = B1107ABF19A924CE000D4DEF;
			productRefGroup = B1107AC919A924CE000D4DEF /* Products */;
			projectDirPath = "";
			projectRoot = "";
			targets = (
				B1107AC719A924CE000D4DEF /* BarrelApp */,
				B1107AD919A924CE000D4DEF /* BarrelAppTests */,
			);
		};
/* End PBXProject section */

/* Begin PBXResourcesBuildPhase section */
		B1107AC619A924CE000D4DEF /* Resources */ = {
			isa = PBXResourcesBuildPhase;
			buildActionMask = 2147483647;
			files = (
				B14EDB5119AE17D30054C10A /* BLGameImport.xib in Resources */,
				B1E903D319AD07E2002DECC6 /* gamefolder.icns in Resources */,
				B1107AD219A924CE000D4DEF /* Images.xcassets in Resources */,
				B1326FDF19AF8D2B002B0BD0 /* DropzoneTemplate.pdf in Resources */,
				B17D822319ACA1D200638DF9 /* GamesFolderPanelOptions.xib in Resources */,
				B1107AD519A924CE000D4DEF /* MainMenu.xib in Resources */,
				B1F597F919AA0BDA00AAF92B /* BLPreferences.xib in Resources */,
			);
			runOnlyForDeploymentPostprocessing = 0;
		};
		B1107AD819A924CE000D4DEF /* Resources */ = {
			isa = PBXResourcesBuildPhase;
			buildActionMask = 2147483647;
			files = (
			);
			runOnlyForDeploymentPostprocessing = 0;
		};
/* End PBXResourcesBuildPhase section */

/* Begin PBXSourcesBuildPhase section */
		B1107AC419A924CE000D4DEF /* Sources */ = {
			isa = PBXSourcesBuildPhase;
			buildActionMask = 2147483647;
			files = (
				B11242531A8261E100E6BC5A /* NSWorkspace+BLExecutableTypes.swift in Sources */,
				B1107AED19A92F91000D4DEF /* BLBackgroundView.swift in Sources */,
				B1EE4A1019D054F9001BB945 /* BLInstallerScan.swift in Sources */,
				B17D822519ACBCEB00638DF9 /* NSURL+NSURLExtensions.swift in Sources */,
				B19F87E61A8224BF00432FC8 /* BLImportSession.swift in Sources */,
				B1F597FD19AB4DFE00AAF92B /* BLTabbedWindowController.swift in Sources */,
				B10D409219C30137000D742B /* ObjC-Helpers.m in Sources */,
				B103108319B7AB45007ACCEB /* BLImporter.swift in Sources */,
				B19ACDDC19B7C21D00FBB50F /* NSWorkspace+MountedVolumes.swift in Sources */,
				B17D822A19ACE81F00638DF9 /* String+StringAdditions.swift in Sources */,
				B17D822819ACD26B00638DF9 /* BLValueTransformers.swift in Sources */,
				B1E92C1F19AF694900BA47A8 /* BLDelegatedView.swift in Sources */,
				B1F597F719AA031B00AAF92B /* BLPreferencesWindowController.swift in Sources */,
				B1E92C1819AF32E600BA47A8 /* BLSpinningProgressIndicator.swift in Sources */,
				B1F9AA7219A93AAE00259E27 /* BLWelcomeViewController.swift in Sources */,
				B11242511A825F4100E6BC5A /* NSWorkspace+BLFileTypes.swift in Sources */,
				B1E92C1A19AF467E00BA47A8 /* NSView+DrawingHelpers.swift in Sources */,
				B1107AD019A924CE000D4DEF /* AppDelegate.swift in Sources */,
				B167792419AE553800B58B00 /* BLImportWindowController.swift in Sources */,
				B1439BD219D3719000C4803E /* BLOperationDelegate.swift in Sources */,
				B1E92C1C19AF494F00BA47A8 /* NSPoint+Geometry.swift in Sources */,
				B19F87E81A8234E500432FC8 /* RegexSwift.swift in Sources */,
				B11242561A82641900E6BC5A /* BLFileHandle.swift in Sources */,
				B1F5980019ABCFFC00AAF92B /* NSArray+NSArrayExtensions.swift in Sources */,
				B1794F9219AFF13C00045AA7 /* NSImage+NSImageExtensions.swift in Sources */,
				B1F9AA6F19A938BB00259E27 /* BLWelcomeButtonCell.swift in Sources */,
				B1E92C1519AF31FC00BA47A8 /* BLBlueprintPanel.swift in Sources */,
				B1A5CD2A19D1747200D8946B /* BLOperation.swift in Sources */,
				B1E92C2319AF7C8D00BA47A8 /* BLImportDropzone.swift in Sources */,
				B103108519B7B056007ACCEB /* BLFileTypes.swift in Sources */,
				B1107ACE19A924CE000D4DEF /* main.swift in Sources */,
				B167792119AE4BF900B58B00 /* BLMultiPanelWindowController.swift in Sources */,
				B1E92C2119AF7C2000BA47A8 /* BLImportDropzonePanelController.swift in Sources */,
				B1E92C2519AF8B5F00BA47A8 /* NSRect+Geometry.swift in Sources */,
				C19104E41A8907210092DFF4 /* NSShadow+BLShadowExtensions.swift in Sources */,
				B17D822119AC9C4C00638DF9 /* BLGamesFolderPanelController.swift in Sources */,
			);
			runOnlyForDeploymentPostprocessing = 0;
		};
		B1107AD619A924CE000D4DEF /* Sources */ = {
			isa = PBXSourcesBuildPhase;
			buildActionMask = 2147483647;
			files = (
				B1107AE119A924CE000D4DEF /* BarrelAppTests.swift in Sources */,
			);
			runOnlyForDeploymentPostprocessing = 0;
		};
/* End PBXSourcesBuildPhase section */

/* Begin PBXTargetDependency section */
		B1107ADC19A924CE000D4DEF /* PBXTargetDependency */ = {
			isa = PBXTargetDependency;
			target = B1107AC719A924CE000D4DEF /* BarrelApp */;
			targetProxy = B1107ADB19A924CE000D4DEF /* PBXContainerItemProxy */;
		};
/* End PBXTargetDependency section */

/* Begin PBXVariantGroup section */
		B1107AD319A924CE000D4DEF /* MainMenu.xib */ = {
			isa = PBXVariantGroup;
			children = (
				B1107AD419A924CE000D4DEF /* Base */,
			);
			name = MainMenu.xib;
			sourceTree = "<group>";
		};
/* End PBXVariantGroup section */

/* Begin XCBuildConfiguration section */
		B1107AE219A924CE000D4DEF /* Debug */ = {
			isa = XCBuildConfiguration;
			buildSettings = {
				ALWAYS_SEARCH_USER_PATHS = NO;
				CLANG_CXX_LANGUAGE_STANDARD = "gnu++0x";
				CLANG_CXX_LIBRARY = "libc++";
				CLANG_ENABLE_MODULES = YES;
				CLANG_ENABLE_OBJC_ARC = YES;
				CLANG_WARN_BOOL_CONVERSION = YES;
				CLANG_WARN_CONSTANT_CONVERSION = YES;
				CLANG_WARN_DIRECT_OBJC_ISA_USAGE = YES_ERROR;
				CLANG_WARN_EMPTY_BODY = YES;
				CLANG_WARN_ENUM_CONVERSION = YES;
				CLANG_WARN_INT_CONVERSION = YES;
				CLANG_WARN_OBJC_ROOT_CLASS = YES_ERROR;
				CLANG_WARN_UNREACHABLE_CODE = YES;
				CLANG_WARN__DUPLICATE_METHOD_MATCH = YES;
				CODE_SIGN_IDENTITY = "-";
				COPY_PHASE_STRIP = NO;
				ENABLE_STRICT_OBJC_MSGSEND = YES;
				GCC_C_LANGUAGE_STANDARD = gnu99;
				GCC_DYNAMIC_NO_PIC = NO;
				GCC_OPTIMIZATION_LEVEL = 0;
				GCC_PREPROCESSOR_DEFINITIONS = (
					"DEBUG=1",
					"$(inherited)",
				);
				GCC_SYMBOLS_PRIVATE_EXTERN = NO;
				GCC_WARN_64_TO_32_BIT_CONVERSION = YES;
				GCC_WARN_ABOUT_RETURN_TYPE = YES_ERROR;
				GCC_WARN_UNDECLARED_SELECTOR = YES;
				GCC_WARN_UNINITIALIZED_AUTOS = YES_AGGRESSIVE;
				GCC_WARN_UNUSED_FUNCTION = YES;
				GCC_WARN_UNUSED_VARIABLE = YES;
				MACOSX_DEPLOYMENT_TARGET = 10.10;
				MTL_ENABLE_DEBUG_INFO = YES;
				ONLY_ACTIVE_ARCH = YES;
				SDKROOT = macosx;
				SWIFT_OPTIMIZATION_LEVEL = "-Onone";
			};
			name = Debug;
		};
		B1107AE319A924CE000D4DEF /* Release */ = {
			isa = XCBuildConfiguration;
			buildSettings = {
				ALWAYS_SEARCH_USER_PATHS = NO;
				CLANG_CXX_LANGUAGE_STANDARD = "gnu++0x";
				CLANG_CXX_LIBRARY = "libc++";
				CLANG_ENABLE_MODULES = YES;
				CLANG_ENABLE_OBJC_ARC = YES;
				CLANG_WARN_BOOL_CONVERSION = YES;
				CLANG_WARN_CONSTANT_CONVERSION = YES;
				CLANG_WARN_DIRECT_OBJC_ISA_USAGE = YES_ERROR;
				CLANG_WARN_EMPTY_BODY = YES;
				CLANG_WARN_ENUM_CONVERSION = YES;
				CLANG_WARN_INT_CONVERSION = YES;
				CLANG_WARN_OBJC_ROOT_CLASS = YES_ERROR;
				CLANG_WARN_UNREACHABLE_CODE = YES;
				CLANG_WARN__DUPLICATE_METHOD_MATCH = YES;
				CODE_SIGN_IDENTITY = "-";
				COPY_PHASE_STRIP = YES;
				DEBUG_INFORMATION_FORMAT = "dwarf-with-dsym";
				ENABLE_NS_ASSERTIONS = NO;
				ENABLE_STRICT_OBJC_MSGSEND = YES;
				GCC_C_LANGUAGE_STANDARD = gnu99;
				GCC_WARN_64_TO_32_BIT_CONVERSION = YES;
				GCC_WARN_ABOUT_RETURN_TYPE = YES_ERROR;
				GCC_WARN_UNDECLARED_SELECTOR = YES;
				GCC_WARN_UNINITIALIZED_AUTOS = YES_AGGRESSIVE;
				GCC_WARN_UNUSED_FUNCTION = YES;
				GCC_WARN_UNUSED_VARIABLE = YES;
				MACOSX_DEPLOYMENT_TARGET = 10.10;
				MTL_ENABLE_DEBUG_INFO = NO;
				SDKROOT = macosx;
			};
			name = Release;
		};
		B1107AE519A924CE000D4DEF /* Debug */ = {
			isa = XCBuildConfiguration;
			buildSettings = {
				ASSETCATALOG_COMPILER_APPICON_NAME = AppIcon;
				CLANG_ENABLE_MODULES = YES;
				CODE_SIGN_IDENTITY = "Developer ID Application";
				COMBINE_HIDPI_IMAGES = YES;
				INFOPLIST_FILE = BarrelApp/Info.plist;
				LD_RUNPATH_SEARCH_PATHS = "$(inherited) @executable_path/../Frameworks";
				MACOSX_DEPLOYMENT_TARGET = 10.9;
				PRODUCT_NAME = "$(TARGET_NAME)";
				SWIFT_OBJC_BRIDGING_HEADER = "BarrelApp/BarrelApp-Bridging-Header.h";
				SWIFT_OPTIMIZATION_LEVEL = "-Onone";
			};
			name = Debug;
		};
		B1107AE619A924CE000D4DEF /* Release */ = {
			isa = XCBuildConfiguration;
			buildSettings = {
				ASSETCATALOG_COMPILER_APPICON_NAME = AppIcon;
				CLANG_ENABLE_MODULES = YES;
				CODE_SIGN_IDENTITY = "Developer ID Application";
				COMBINE_HIDPI_IMAGES = YES;
				INFOPLIST_FILE = BarrelApp/Info.plist;
				LD_RUNPATH_SEARCH_PATHS = "$(inherited) @executable_path/../Frameworks";
				MACOSX_DEPLOYMENT_TARGET = 10.9;
				PRODUCT_NAME = "$(TARGET_NAME)";
				SWIFT_OBJC_BRIDGING_HEADER = "BarrelApp/BarrelApp-Bridging-Header.h";
			};
			name = Release;
		};
		B1107AE819A924CE000D4DEF /* Debug */ = {
			isa = XCBuildConfiguration;
			buildSettings = {
				BUNDLE_LOADER = "$(TEST_HOST)";
				COMBINE_HIDPI_IMAGES = YES;
				FRAMEWORK_SEARCH_PATHS = (
					"$(DEVELOPER_FRAMEWORKS_DIR)",
					"$(inherited)",
				);
				GCC_PREPROCESSOR_DEFINITIONS = (
					"DEBUG=1",
					"$(inherited)",
				);
				INFOPLIST_FILE = BarrelAppTests/Info.plist;
				LD_RUNPATH_SEARCH_PATHS = "$(inherited) @executable_path/../Frameworks @loader_path/../Frameworks";
				MACOSX_DEPLOYMENT_TARGET = 10.9;
				PRODUCT_NAME = "$(TARGET_NAME)";
				TEST_HOST = "$(BUILT_PRODUCTS_DIR)/BarrelApp.app/Contents/MacOS/BarrelApp";
			};
			name = Debug;
		};
		B1107AE919A924CE000D4DEF /* Release */ = {
			isa = XCBuildConfiguration;
			buildSettings = {
				BUNDLE_LOADER = "$(TEST_HOST)";
				COMBINE_HIDPI_IMAGES = YES;
				FRAMEWORK_SEARCH_PATHS = (
					"$(DEVELOPER_FRAMEWORKS_DIR)",
					"$(inherited)",
				);
				INFOPLIST_FILE = BarrelAppTests/Info.plist;
				LD_RUNPATH_SEARCH_PATHS = "$(inherited) @executable_path/../Frameworks @loader_path/../Frameworks";
				MACOSX_DEPLOYMENT_TARGET = 10.9;
				PRODUCT_NAME = "$(TARGET_NAME)";
				TEST_HOST = "$(BUILT_PRODUCTS_DIR)/BarrelApp.app/Contents/MacOS/BarrelApp";
			};
			name = Release;
		};
/* End XCBuildConfiguration section */

/* Begin XCConfigurationList section */
		B1107AC319A924CE000D4DEF /* Build configuration list for PBXProject "BarrelApp" */ = {
			isa = XCConfigurationList;
			buildConfigurations = (
				B1107AE219A924CE000D4DEF /* Debug */,
				B1107AE319A924CE000D4DEF /* Release */,
			);
			defaultConfigurationIsVisible = 0;
			defaultConfigurationName = Release;
		};
		B1107AE419A924CE000D4DEF /* Build configuration list for PBXNativeTarget "BarrelApp" */ = {
			isa = XCConfigurationList;
			buildConfigurations = (
				B1107AE519A924CE000D4DEF /* Debug */,
				B1107AE619A924CE000D4DEF /* Release */,
			);
			defaultConfigurationIsVisible = 0;
			defaultConfigurationName = Release;
		};
		B1107AE719A924CE000D4DEF /* Build configuration list for PBXNativeTarget "BarrelAppTests" */ = {
			isa = XCConfigurationList;
			buildConfigurations = (
				B1107AE819A924CE000D4DEF /* Debug */,
				B1107AE919A924CE000D4DEF /* Release */,
			);
			defaultConfigurationIsVisible = 0;
			defaultConfigurationName = Release;
		};
/* End XCConfigurationList section */
	};
	rootObject = B1107AC019A924CE000D4DEF /* Project object */;
}
